// !$*UTF8*$!
{
	archiveVersion = 1;
	classes = {
	};
	objectVersion = 46;
	objects = {

/* Begin PBXBuildFile section */
		3BC5AC7F1992522500A436A9 /* Foundation.framework in Frameworks */ = {isa = PBXBuildFile; fileRef = 3BC5AC7E1992522500A436A9 /* Foundation.framework */; };
		3BC5AC811992522500A436A9 /* CoreGraphics.framework in Frameworks */ = {isa = PBXBuildFile; fileRef = 3BC5AC801992522500A436A9 /* CoreGraphics.framework */; };
		3BC5AC831992522500A436A9 /* UIKit.framework in Frameworks */ = {isa = PBXBuildFile; fileRef = 3BC5AC821992522500A436A9 /* UIKit.framework */; };
		3BC5AC891992522500A436A9 /* InfoPlist.strings in Resources */ = {isa = PBXBuildFile; fileRef = 3BC5AC871992522500A436A9 /* InfoPlist.strings */; };
		3BC5AC8B1992522500A436A9 /* main.m in Sources */ = {isa = PBXBuildFile; fileRef = 3BC5AC8A1992522500A436A9 /* main.m */; };
		3BC5AC8F1992522500A436A9 /* AppDelegate.m in Sources */ = {isa = PBXBuildFile; fileRef = 3BC5AC8E1992522500A436A9 /* AppDelegate.m */; };
		3BC5AC921992522500A436A9 /* Main.storyboard in Resources */ = {isa = PBXBuildFile; fileRef = 3BC5AC901992522500A436A9 /* Main.storyboard */; };
		3BC5AC951992522500A436A9 /* ViewController.m in Sources */ = {isa = PBXBuildFile; fileRef = 3BC5AC941992522500A436A9 /* ViewController.m */; };
		3BC5AC971992522500A436A9 /* Images.xcassets in Resources */ = {isa = PBXBuildFile; fileRef = 3BC5AC961992522500A436A9 /* Images.xcassets */; };
		3BC5AC9E1992522500A436A9 /* XCTest.framework in Frameworks */ = {isa = PBXBuildFile; fileRef = 3BC5AC9D1992522500A436A9 /* XCTest.framework */; };
		3BC5AC9F1992522500A436A9 /* Foundation.framework in Frameworks */ = {isa = PBXBuildFile; fileRef = 3BC5AC7E1992522500A436A9 /* Foundation.framework */; };
		3BC5ACA01992522500A436A9 /* UIKit.framework in Frameworks */ = {isa = PBXBuildFile; fileRef = 3BC5AC821992522500A436A9 /* UIKit.framework */; };
		3BC5ACA81992522500A436A9 /* InfoPlist.strings in Resources */ = {isa = PBXBuildFile; fileRef = 3BC5ACA61992522500A436A9 /* InfoPlist.strings */; };
		3BC5ACAA1992522500A436A9 /* iOSBackgroundUploadTests.m in Sources */ = {isa = PBXBuildFile; fileRef = 3BC5ACA91992522500A436A9 /* iOSBackgroundUploadTests.m */; };
/* End PBXBuildFile section */

/* Begin PBXContainerItemProxy section */
		3BC5ACA11992522500A436A9 /* PBXContainerItemProxy */ = {
			isa = PBXContainerItemProxy;
			containerPortal = 3BC5AC731992522500A436A9 /* Project object */;
			proxyType = 1;
			remoteGlobalIDString = 3BC5AC7A1992522500A436A9;
			remoteInfo = iOSBackgroundUpload;
		};
/* End PBXContainerItemProxy section */

/* Begin PBXFileReference section */
		3BC5AC7B1992522500A436A9 /* iOSBackgroundUpload.app */ = {isa = PBXFileReference; explicitFileType = wrapper.application; includeInIndex = 0; path = iOSBackgroundUpload.app; sourceTree = BUILT_PRODUCTS_DIR; };
		3BC5AC7E1992522500A436A9 /* Foundation.framework */ = {isa = PBXFileReference; lastKnownFileType = wrapper.framework; name = Foundation.framework; path = System/Library/Frameworks/Foundation.framework; sourceTree = SDKROOT; };
		3BC5AC801992522500A436A9 /* CoreGraphics.framework */ = {isa = PBXFileReference; lastKnownFileType = wrapper.framework; name = CoreGraphics.framework; path = System/Library/Frameworks/CoreGraphics.framework; sourceTree = SDKROOT; };
		3BC5AC821992522500A436A9 /* UIKit.framework */ = {isa = PBXFileReference; lastKnownFileType = wrapper.framework; name = UIKit.framework; path = System/Library/Frameworks/UIKit.framework; sourceTree = SDKROOT; };
		3BC5AC861992522500A436A9 /* iOSBackgroundUpload-Info.plist */ = {isa = PBXFileReference; lastKnownFileType = text.plist.xml; path = "iOSBackgroundUpload-Info.plist"; sourceTree = "<group>"; };
		3BC5AC881992522500A436A9 /* en */ = {isa = PBXFileReference; lastKnownFileType = text.plist.strings; name = en; path = en.lproj/InfoPlist.strings; sourceTree = "<group>"; };
		3BC5AC8A1992522500A436A9 /* main.m */ = {isa = PBXFileReference; lastKnownFileType = sourcecode.c.objc; path = main.m; sourceTree = "<group>"; };
		3BC5AC8C1992522500A436A9 /* iOSBackgroundUpload-Prefix.pch */ = {isa = PBXFileReference; lastKnownFileType = sourcecode.c.h; path = "iOSBackgroundUpload-Prefix.pch"; sourceTree = "<group>"; };
		3BC5AC8D1992522500A436A9 /* AppDelegate.h */ = {isa = PBXFileReference; lastKnownFileType = sourcecode.c.h; path = AppDelegate.h; sourceTree = "<group>"; };
		3BC5AC8E1992522500A436A9 /* AppDelegate.m */ = {isa = PBXFileReference; lastKnownFileType = sourcecode.c.objc; path = AppDelegate.m; sourceTree = "<group>"; };
		3BC5AC911992522500A436A9 /* Base */ = {isa = PBXFileReference; lastKnownFileType = file.storyboard; name = Base; path = Base.lproj/Main.storyboard; sourceTree = "<group>"; };
		3BC5AC931992522500A436A9 /* ViewController.h */ = {isa = PBXFileReference; lastKnownFileType = sourcecode.c.h; path = ViewController.h; sourceTree = "<group>"; };
		3BC5AC941992522500A436A9 /* ViewController.m */ = {isa = PBXFileReference; lastKnownFileType = sourcecode.c.objc; path = ViewController.m; sourceTree = "<group>"; };
		3BC5AC961992522500A436A9 /* Images.xcassets */ = {isa = PBXFileReference; lastKnownFileType = folder.assetcatalog; path = Images.xcassets; sourceTree = "<group>"; };
		3BC5AC9C1992522500A436A9 /* iOSBackgroundUploadTests.xctest */ = {isa = PBXFileReference; explicitFileType = wrapper.cfbundle; includeInIndex = 0; path = iOSBackgroundUploadTests.xctest; sourceTree = BUILT_PRODUCTS_DIR; };
		3BC5AC9D1992522500A436A9 /* XCTest.framework */ = {isa = PBXFileReference; lastKnownFileType = wrapper.framework; name = XCTest.framework; path = Library/Frameworks/XCTest.framework; sourceTree = DEVELOPER_DIR; };
		3BC5ACA51992522500A436A9 /* iOSBackgroundUploadTests-Info.plist */ = {isa = PBXFileReference; lastKnownFileType = text.plist.xml; path = "iOSBackgroundUploadTests-Info.plist"; sourceTree = "<group>"; };
		3BC5ACA71992522500A436A9 /* en */ = {isa = PBXFileReference; lastKnownFileType = text.plist.strings; name = en; path = en.lproj/InfoPlist.strings; sourceTree = "<group>"; };
		3BC5ACA91992522500A436A9 /* iOSBackgroundUploadTests.m */ = {isa = PBXFileReference; lastKnownFileType = sourcecode.c.objc; path = iOSBackgroundUploadTests.m; sourceTree = "<group>"; };
/* End PBXFileReference section */

/* Begin PBXFrameworksBuildPhase section */
		3BC5AC781992522500A436A9 /* Frameworks */ = {
			isa = PBXFrameworksBuildPhase;
			buildActionMask = 2147483647;
			files = (
				3BC5AC811992522500A436A9 /* CoreGraphics.framework in Frameworks */,
				3BC5AC831992522500A436A9 /* UIKit.framework in Frameworks */,
				3BC5AC7F1992522500A436A9 /* Foundation.framework in Frameworks */,
			);
			runOnlyForDeploymentPostprocessing = 0;
		};
		3BC5AC991992522500A436A9 /* Frameworks */ = {
			isa = PBXFrameworksBuildPhase;
			buildActionMask = 2147483647;
			files = (
				3BC5AC9E1992522500A436A9 /* XCTest.framework in Frameworks */,
				3BC5ACA01992522500A436A9 /* UIKit.framework in Frameworks */,
				3BC5AC9F1992522500A436A9 /* Foundation.framework in Frameworks */,
			);
			runOnlyForDeploymentPostprocessing = 0;
		};
/* End PBXFrameworksBuildPhase section */

/* Begin PBXGroup section */
		3BC5AC721992522500A436A9 = {
			isa = PBXGroup;
			children = (
				3BC5AC841992522500A436A9 /* iOSBackgroundUpload */,
				3BC5ACA31992522500A436A9 /* iOSBackgroundUploadTests */,
				3BC5AC7D1992522500A436A9 /* Frameworks */,
				3BC5AC7C1992522500A436A9 /* Products */,
			);
			sourceTree = "<group>";
		};
		3BC5AC7C1992522500A436A9 /* Products */ = {
			isa = PBXGroup;
			children = (
				3BC5AC7B1992522500A436A9 /* iOSBackgroundUpload.app */,
				3BC5AC9C1992522500A436A9 /* iOSBackgroundUploadTests.xctest */,
			);
			name = Products;
			sourceTree = "<group>";
		};
		3BC5AC7D1992522500A436A9 /* Frameworks */ = {
			isa = PBXGroup;
			children = (
				3BC5AC7E1992522500A436A9 /* Foundation.framework */,
				3BC5AC801992522500A436A9 /* CoreGraphics.framework */,
				3BC5AC821992522500A436A9 /* UIKit.framework */,
				3BC5AC9D1992522500A436A9 /* XCTest.framework */,
			);
			name = Frameworks;
			sourceTree = "<group>";
		};
		3BC5AC841992522500A436A9 /* iOSBackgroundUpload */ = {
			isa = PBXGroup;
			children = (
				3BC5AC8D1992522500A436A9 /* AppDelegate.h */,
				3BC5AC8E1992522500A436A9 /* AppDelegate.m */,
				3BC5AC901992522500A436A9 /* Main.storyboard */,
				3BC5AC931992522500A436A9 /* ViewController.h */,
				3BC5AC941992522500A436A9 /* ViewController.m */,
				3BC5AC961992522500A436A9 /* Images.xcassets */,
				3BC5AC851992522500A436A9 /* Supporting Files */,
			);
			path = iOSBackgroundUpload;
			sourceTree = "<group>";
		};
		3BC5AC851992522500A436A9 /* Supporting Files */ = {
			isa = PBXGroup;
			children = (
				3BC5AC861992522500A436A9 /* iOSBackgroundUpload-Info.plist */,
				3BC5AC871992522500A436A9 /* InfoPlist.strings */,
				3BC5AC8A1992522500A436A9 /* main.m */,
				3BC5AC8C1992522500A436A9 /* iOSBackgroundUpload-Prefix.pch */,
			);
			name = "Supporting Files";
			sourceTree = "<group>";
		};
		3BC5ACA31992522500A436A9 /* iOSBackgroundUploadTests */ = {
			isa = PBXGroup;
			children = (
				3BC5ACA91992522500A436A9 /* iOSBackgroundUploadTests.m */,
				3BC5ACA41992522500A436A9 /* Supporting Files */,
			);
			path = iOSBackgroundUploadTests;
			sourceTree = "<group>";
		};
		3BC5ACA41992522500A436A9 /* Supporting Files */ = {
			isa = PBXGroup;
			children = (
				3BC5ACA51992522500A436A9 /* iOSBackgroundUploadTests-Info.plist */,
				3BC5ACA61992522500A436A9 /* InfoPlist.strings */,
			);
			name = "Supporting Files";
			sourceTree = "<group>";
		};
/* End PBXGroup section */

/* Begin PBXNativeTarget section */
		3BC5AC7A1992522500A436A9 /* iOSBackgroundUpload */ = {
			isa = PBXNativeTarget;
			buildConfigurationList = 3BC5ACAD1992522500A436A9 /* Build configuration list for PBXNativeTarget "iOSBackgroundUpload" */;
			buildPhases = (
				3BC5AC771992522500A436A9 /* Sources */,
				3BC5AC781992522500A436A9 /* Frameworks */,
				3BC5AC791992522500A436A9 /* Resources */,
			);
			buildRules = (
			);
			dependencies = (
			);
			name = iOSBackgroundUpload;
			productName = iOSBackgroundUpload;
			productReference = 3BC5AC7B1992522500A436A9 /* iOSBackgroundUpload.app */;
			productType = "com.apple.product-type.application";
		};
		3BC5AC9B1992522500A436A9 /* iOSBackgroundUploadTests */ = {
			isa = PBXNativeTarget;
			buildConfigurationList = 3BC5ACB01992522500A436A9 /* Build configuration list for PBXNativeTarget "iOSBackgroundUploadTests" */;
			buildPhases = (
				3BC5AC981992522500A436A9 /* Sources */,
				3BC5AC991992522500A436A9 /* Frameworks */,
				3BC5AC9A1992522500A436A9 /* Resources */,
			);
			buildRules = (
			);
			dependencies = (
				3BC5ACA21992522500A436A9 /* PBXTargetDependency */,
			);
			name = iOSBackgroundUploadTests;
			productName = iOSBackgroundUploadTests;
			productReference = 3BC5AC9C1992522500A436A9 /* iOSBackgroundUploadTests.xctest */;
			productType = "com.apple.product-type.bundle.unit-test";
		};
/* End PBXNativeTarget section */

/* Begin PBXProject section */
		3BC5AC731992522500A436A9 /* Project object */ = {
			isa = PBXProject;
			attributes = {
				LastUpgradeCheck = 0510;
				ORGANIZATIONNAME = sample;
				TargetAttributes = {
					3BC5AC9B1992522500A436A9 = {
						TestTargetID = 3BC5AC7A1992522500A436A9;
					};
				};
			};
			buildConfigurationList = 3BC5AC761992522500A436A9 /* Build configuration list for PBXProject "iOSBackgroundUpload" */;
			compatibilityVersion = "Xcode 3.2";
			developmentRegion = English;
			hasScannedForEncodings = 0;
			knownRegions = (
				en,
				Base,
			);
			mainGroup = 3BC5AC721992522500A436A9;
			productRefGroup = 3BC5AC7C1992522500A436A9 /* Products */;
			projectDirPath = "";
			projectRoot = "";
			targets = (
				3BC5AC7A1992522500A436A9 /* iOSBackgroundUpload */,
				3BC5AC9B1992522500A436A9 /* iOSBackgroundUploadTests */,
			);
		};
/* End PBXProject section */

/* Begin PBXResourcesBuildPhase section */
		3BC5AC791992522500A436A9 /* Resources */ = {
			isa = PBXResourcesBuildPhase;
			buildActionMask = 2147483647;
			files = (
				3BC5AC971992522500A436A9 /* Images.xcassets in Resources */,
				3BC5AC891992522500A436A9 /* InfoPlist.strings in Resources */,
				3BC5AC921992522500A436A9 /* Main.storyboard in Resources */,
			);
			runOnlyForDeploymentPostprocessing = 0;
		};
		3BC5AC9A1992522500A436A9 /* Resources */ = {
			isa = PBXResourcesBuildPhase;
			buildActionMask = 2147483647;
			files = (
				3BC5ACA81992522500A436A9 /* InfoPlist.strings in Resources */,
			);
			runOnlyForDeploymentPostprocessing = 0;
		};
/* End PBXResourcesBuildPhase section */

/* Begin PBXSourcesBuildPhase section */
		3BC5AC771992522500A436A9 /* Sources */ = {
			isa = PBXSourcesBuildPhase;
			buildActionMask = 2147483647;
			files = (
				3BC5AC951992522500A436A9 /* ViewController.m in Sources */,
				3BC5AC8F1992522500A436A9 /* AppDelegate.m in Sources */,
				3BC5AC8B1992522500A436A9 /* main.m in Sources */,
			);
			runOnlyForDeploymentPostprocessing = 0;
		};
		3BC5AC981992522500A436A9 /* Sources */ = {
			isa = PBXSourcesBuildPhase;
			buildActionMask = 2147483647;
			files = (
				3BC5ACAA1992522500A436A9 /* iOSBackgroundUploadTests.m in Sources */,
			);
			runOnlyForDeploymentPostprocessing = 0;
		};
/* End PBXSourcesBuildPhase section */

/* Begin PBXTargetDependency section */
		3BC5ACA21992522500A436A9 /* PBXTargetDependency */ = {
			isa = PBXTargetDependency;
			target = 3BC5AC7A1992522500A436A9 /* iOSBackgroundUpload */;
			targetProxy = 3BC5ACA11992522500A436A9 /* PBXContainerItemProxy */;
		};
/* End PBXTargetDependency section */

/* Begin PBXVariantGroup section */
		3BC5AC871992522500A436A9 /* InfoPlist.strings */ = {
			isa = PBXVariantGroup;
			children = (
				3BC5AC881992522500A436A9 /* en */,
			);
			name = InfoPlist.strings;
			sourceTree = "<group>";
		};
		3BC5AC901992522500A436A9 /* Main.storyboard */ = {
			isa = PBXVariantGroup;
			children = (
				3BC5AC911992522500A436A9 /* Base */,
			);
			name = Main.storyboard;
			sourceTree = "<group>";
		};
		3BC5ACA61992522500A436A9 /* InfoPlist.strings */ = {
			isa = PBXVariantGroup;
			children = (
				3BC5ACA71992522500A436A9 /* en */,
			);
			name = InfoPlist.strings;
			sourceTree = "<group>";
		};
/* End PBXVariantGroup section */

/* Begin XCBuildConfiguration section */
		3BC5ACAB1992522500A436A9 /* Debug */ = {
			isa = XCBuildConfiguration;
			buildSettings = {
				ALWAYS_SEARCH_USER_PATHS = NO;
				CLANG_CXX_LANGUAGE_STANDARD = "gnu++0x";
				CLANG_CXX_LIBRARY = "libc++";
				CLANG_ENABLE_MODULES = YES;
				CLANG_ENABLE_OBJC_ARC = YES;
				CLANG_WARN_BOOL_CONVERSION = YES;
				CLANG_WARN_CONSTANT_CONVERSION = YES;
				CLANG_WARN_DIRECT_OBJC_ISA_USAGE = YES_ERROR;
				CLANG_WARN_EMPTY_BODY = YES;
				CLANG_WARN_ENUM_CONVERSION = YES;
				CLANG_WARN_INT_CONVERSION = YES;
				CLANG_WARN_OBJC_ROOT_CLASS = YES_ERROR;
				CLANG_WARN__DUPLICATE_METHOD_MATCH = YES;
				"CODE_SIGN_IDENTITY[sdk=iphoneos*]" = "iPhone Developer";
				COPY_PHASE_STRIP = NO;
				GCC_C_LANGUAGE_STANDARD = gnu99;
				GCC_DYNAMIC_NO_PIC = NO;
				GCC_OPTIMIZATION_LEVEL = 0;
				GCC_PREPROCESSOR_DEFINITIONS = (
					"DEBUG=1",
					"$(inherited)",
				);
				GCC_SYMBOLS_PRIVATE_EXTERN = NO;
				GCC_WARN_64_TO_32_BIT_CONVERSION = YES;
				GCC_WARN_ABOUT_RETURN_TYPE = YES_ERROR;
				GCC_WARN_UNDECLARED_SELECTOR = YES;
				GCC_WARN_UNINITIALIZED_AUTOS = YES_AGGRESSIVE;
				GCC_WARN_UNUSED_FUNCTION = YES;
				GCC_WARN_UNUSED_VARIABLE = YES;
				IPHONEOS_DEPLOYMENT_TARGET = 7.1;
				ONLY_ACTIVE_ARCH = YES;
				SDKROOT = iphoneos;
			};
			name = Debug;
		};
		3BC5ACAC1992522500A436A9 /* Release */ = {
			isa = XCBuildConfiguration;
			buildSettings = {
				ALWAYS_SEARCH_USER_PATHS = NO;
				CLANG_CXX_LANGUAGE_STANDARD = "gnu++0x";
				CLANG_CXX_LIBRARY = "libc++";
				CLANG_ENABLE_MODULES = YES;
				CLANG_ENABLE_OBJC_ARC = YES;
				CLANG_WARN_BOOL_CONVERSION = YES;
				CLANG_WARN_CONSTANT_CONVERSION = YES;
				CLANG_WARN_DIRECT_OBJC_ISA_USAGE = YES_ERROR;
				CLANG_WARN_EMPTY_BODY = YES;
				CLANG_WARN_ENUM_CONVERSION = YES;
				CLANG_WARN_INT_CONVERSION = YES;
				CLANG_WARN_OBJC_ROOT_CLASS = YES_ERROR;
				CLANG_WARN__DUPLICATE_METHOD_MATCH = YES;
				"CODE_SIGN_IDENTITY[sdk=iphoneos*]" = "iPhone Developer";
				COPY_PHASE_STRIP = YES;
				ENABLE_NS_ASSERTIONS = NO;
				GCC_C_LANGUAGE_STANDARD = gnu99;
				GCC_WARN_64_TO_32_BIT_CONVERSION = YES;
				GCC_WARN_ABOUT_RETURN_TYPE = YES_ERROR;
				GCC_WARN_UNDECLARED_SELECTOR = YES;
				GCC_WARN_UNINITIALIZED_AUTOS = YES_AGGRESSIVE;
				GCC_WARN_UNUSED_FUNCTION = YES;
				GCC_WARN_UNUSED_VARIABLE = YES;
				IPHONEOS_DEPLOYMENT_TARGET = 7.1;
				SDKROOT = iphoneos;
				VALIDATE_PRODUCT = YES;
			};
			name = Release;
		};
		3BC5ACAE1992522500A436A9 /* Debug */ = {
			isa = XCBuildConfiguration;
			buildSettings = {
				ASSETCATALOG_COMPILER_APPICON_NAME = AppIcon;
				ASSETCATALOG_COMPILER_LAUNCHIMAGE_NAME = LaunchImage;
				GCC_PRECOMPILE_PREFIX_HEADER = YES;
				GCC_PREFIX_HEADER = "iOSBackgroundUpload/iOSBackgroundUpload-Prefix.pch";
				INFOPLIST_FILE = "iOSBackgroundUpload/iOSBackgroundUpload-Info.plist";
				PRODUCT_NAME = "$(TARGET_NAME)";
				WRAPPER_EXTENSION = app;
			};
			name = Debug;
		};
		3BC5ACAF1992522500A436A9 /* Release */ = {
			isa = XCBuildConfiguration;
			buildSettings = {
				ASSETCATALOG_COMPILER_APPICON_NAME = AppIcon;
				ASSETCATALOG_COMPILER_LAUNCHIMAGE_NAME = LaunchImage;
				GCC_PRECOMPILE_PREFIX_HEADER = YES;
				GCC_PREFIX_HEADER = "iOSBackgroundUpload/iOSBackgroundUpload-Prefix.pch";
				INFOPLIST_FILE = "iOSBackgroundUpload/iOSBackgroundUpload-Info.plist";
				PRODUCT_NAME = "$(TARGET_NAME)";
				WRAPPER_EXTENSION = app;
			};
			name = Release;
		};
		3BC5ACB11992522500A436A9 /* Debug */ = {
			isa = XCBuildConfiguration;
			buildSettings = {
				BUNDLE_LOADER = "$(BUILT_PRODUCTS_DIR)/iOSBackgroundUpload.app/iOSBackgroundUpload";
				FRAMEWORK_SEARCH_PATHS = (
					"$(SDKROOT)/Developer/Library/Frameworks",
					"$(inherited)",
					"$(DEVELOPER_FRAMEWORKS_DIR)",
				);
				GCC_PRECOMPILE_PREFIX_HEADER = YES;
				GCC_PREFIX_HEADER = "iOSBackgroundUpload/iOSBackgroundUpload-Prefix.pch";
				GCC_PREPROCESSOR_DEFINITIONS = (
					"DEBUG=1",
					"$(inherited)",
				);
				INFOPLIST_FILE = "iOSBackgroundUploadTests/iOSBackgroundUploadTests-Info.plist";
				PRODUCT_NAME = "$(TARGET_NAME)";
				TEST_HOST = "$(BUNDLE_LOADER)";
				WRAPPER_EXTENSION = xctest;
			};
			name = Debug;
		};
		3BC5ACB21992522500A436A9 /* Release */ = {
			isa = XCBuildConfiguration;
			buildSettings = {
				BUNDLE_LOADER = "$(BUILT_PRODUCTS_DIR)/iOSBackgroundUpload.app/iOSBackgroundUpload";
				FRAMEWORK_SEARCH_PATHS = (
					"$(SDKROOT)/Developer/Library/Frameworks",
					"$(inherited)",
					"$(DEVELOPER_FRAMEWORKS_DIR)",
				);
				GCC_PRECOMPILE_PREFIX_HEADER = YES;
				GCC_PREFIX_HEADER = "iOSBackgroundUpload/iOSBackgroundUpload-Prefix.pch";
				INFOPLIST_FILE = "iOSBackgroundUploadTests/iOSBackgroundUploadTests-Info.plist";
				PRODUCT_NAME = "$(TARGET_NAME)";
				TEST_HOST = "$(BUNDLE_LOADER)";
				WRAPPER_EXTENSION = xctest;
			};
			name = Release;
		};
/* End XCBuildConfiguration section */

/* Begin XCConfigurationList section */
		3BC5AC761992522500A436A9 /* Build configuration list for PBXProject "iOSBackgroundUpload" */ = {
			isa = XCConfigurationList;
			buildConfigurations = (
				3BC5ACAB1992522500A436A9 /* Debug */,
				3BC5ACAC1992522500A436A9 /* Release */,
			);
			defaultConfigurationIsVisible = 0;
			defaultConfigurationName = Release;
		};
		3BC5ACAD1992522500A436A9 /* Build configuration list for PBXNativeTarget "iOSBackgroundUpload" */ = {
			isa = XCConfigurationList;
			buildConfigurations = (
				3BC5ACAE1992522500A436A9 /* Debug */,
				3BC5ACAF1992522500A436A9 /* Release */,
			);
			defaultConfigurationIsVisible = 0;
		};
		3BC5ACB01992522500A436A9 /* Build configuration list for PBXNativeTarget "iOSBackgroundUploadTests" */ = {
			isa = XCConfigurationList;
			buildConfigurations = (
				3BC5ACB11992522500A436A9 /* Debug */,
				3BC5ACB21992522500A436A9 /* Release */,
			);
			defaultConfigurationIsVisible = 0;
		};
/* End XCConfigurationList section */
	};
	rootObject = 3BC5AC731992522500A436A9 /* Project object */;
}
